
Microsoft Visual Studio Solution File, Format Version 12.00
# Visual Studio 14
VisualStudioVersion = 14.0.24720.0
MinimumVisualStudioVersion = 10.0.40219.1
Project("{FAE04EC0-301F-11D3-BF4B-00C04F79EFBC}") = "ExtjsWd", "ExtjsWd.csproj", "{F1BFEC8C-CBFC-4858-93AA-1F6F1D0B6C29}"
EndProject
Project("{FAE04EC0-301F-11D3-BF4B-00C04F79EFBC}") = "ExtjsWd.Test", "..\ExtjsWd.Test\ExtjsWd.Test.csproj", "{464AC4E5-7F0F-44F2-82A2-6A6424FA9FD6}"
EndProject
Global
	GlobalSection(SolutionConfigurationPlatforms) = preSolution
		Debug|Any CPU = Debug|Any CPU
		Release|Any CPU = Release|Any CPU
	EndGlobalSection
	GlobalSection(ProjectConfigurationPlatforms) = postSolution
		{F1BFEC8C-CBFC-4858-93AA-1F6F1D0B6C29}.Debug|Any CPU.ActiveCfg = Debug|Any CPU
		{F1BFEC8C-CBFC-4858-93AA-1F6F1D0B6C29}.Debug|Any CPU.Build.0 = Debug|Any CPU
		{F1BFEC8C-CBFC-4858-93AA-1F6F1D0B6C29}.Release|Any CPU.ActiveCfg = Release|Any CPU
		{F1BFEC8C-CBFC-4858-93AA-1F6F1D0B6C29}.Release|Any CPU.Build.0 = Release|Any CPU
		{464AC4E5-7F0F-44F2-82A2-6A6424FA9FD6}.Debug|Any CPU.ActiveCfg = Debug|Any CPU
		{464AC4E5-7F0F-44F2-82A2-6A6424FA9FD6}.Debug|Any CPU.Build.0 = Debug|Any CPU
		{464AC4E5-7F0F-44F2-82A2-6A6424FA9FD6}.Release|Any CPU.ActiveCfg = Release|Any CPU
		{464AC4E5-7F0F-44F2-82A2-6A6424FA9FD6}.Release|Any CPU.Build.0 = Release|Any CPU
	EndGlobalSection
	GlobalSection(SolutionProperties) = preSolution
		HideSolutionNode = FALSE
	EndGlobalSection
EndGlobal
